
Microsoft Visual Studio Solution File, Format Version 12.00
# Visual Studio Version 17
VisualStudioVersion = 17.7.34009.444
MinimumVisualStudioVersion = 10.0.40219.1
Project("{FAE04EC0-301F-11D3-BF4B-00C04F79EFBC}") = "PMS", "PMS.csproj", "{BC5F9566-A694-48FE-B74C-68CF02DB1EF0}"
EndProject
Global
	GlobalSection(SolutionConfigurationPlatforms) = preSolution
		Debug|Any CPU = Debug|Any CPU
		Release|Any CPU = Release|Any CPU
	EndGlobalSection
	GlobalSection(ProjectConfigurationPlatforms) = postSolution
		{BC5F9566-A694-48FE-B74C-68CF02DB1EF0}.Debug|Any CPU.ActiveCfg = Debug|Any CPU
		{BC5F9566-A694-48FE-B74C-68CF02DB1EF0}.Debug|Any CPU.Build.0 = Debug|Any CPU
		{BC5F9566-A694-48FE-B74C-68CF02DB1EF0}.Release|Any CPU.ActiveCfg = Release|Any CPU
		{BC5F9566-A694-48FE-B74C-68CF02DB1EF0}.Release|Any CPU.Build.0 = Release|Any CPU
	EndGlobalSection
	GlobalSection(SolutionProperties) = preSolution
		HideSolutionNode = FALSE
	EndGlobalSection
	GlobalSection(ExtensibilityGlobals) = postSolution
		SolutionGuid = {B6B91CED-64CE-4EB0-917C-4A1C20EF2195}
	EndGlobalSection
EndGlobal
